
Microsoft Visual Studio Solution File, Format Version 12.00
# Visual Studio Version 16
VisualStudioVersion = 16.0.30907.101
MinimumVisualStudioVersion = 10.0.40219.1
Project("{FAE04EC0-301F-11D3-BF4B-00C04F79EFBC}") = "RUAP_LV4", "RUAP_LV4.csproj", "{7C5E08B4-BCB6-4773-8786-AC4A9E551897}"
EndProject
Global
	GlobalSection(SolutionConfigurationPlatforms) = preSolution
		Debug|Any CPU = Debug|Any CPU
		Release|Any CPU = Release|Any CPU
	EndGlobalSection
	GlobalSection(ProjectConfigurationPlatforms) = postSolution
		{7C5E08B4-BCB6-4773-8786-AC4A9E551897}.Debug|Any CPU.ActiveCfg = Debug|Any CPU
		{7C5E08B4-BCB6-4773-8786-AC4A9E551897}.Debug|Any CPU.Build.0 = Debug|Any CPU
		{7C5E08B4-BCB6-4773-8786-AC4A9E551897}.Release|Any CPU.ActiveCfg = Release|Any CPU
		{7C5E08B4-BCB6-4773-8786-AC4A9E551897}.Release|Any CPU.Build.0 = Release|Any CPU
	EndGlobalSection
	GlobalSection(SolutionProperties) = preSolution
		HideSolutionNode = FALSE
	EndGlobalSection
	GlobalSection(ExtensibilityGlobals) = postSolution
		SolutionGuid = {E08A0485-1481-476A-A0CA-ACD235A84B48}
	EndGlobalSection
EndGlobal
